# @generated - this file is auto-generated by `mise lock` https://mise.jdx.dev/dev-tools/mise-lock.html

[[tools.node]]
version = "22.20.0"
backend = "core:node"

[tools.node."platforms.linux-x64"]
checksum = "sha256:eeaccb0378b79406f2208e8b37a62479c70595e20be6b659125eb77dd1ab2a29"
url = "https://nodejs.org/dist/v22.20.0/node-v22.20.0-linux-x64.tar.gz"

[tools.node."platforms.macos-arm64"]
checksum = "sha256:cc04a76a09f79290194c0646f48fec40354d88969bec467789a5d55dd097f949"
url = "https://nodejs.org/dist/v22.20.0/node-v22.20.0-darwin-arm64.tar.gz"
